<Solution>
  <Folder Name="/src/">
    <Project Path="src/Naraka.Server.Application/Naraka.Server.Application.csproj" />
    <Project Path="src/Naraka.Server.Domain/Naraka.Server.Domain.csproj" />
    <Project Path="src/Naraka.Server.Host/Naraka.Server.Host.csproj" />
    <Project Path="src/Naraka.Server.Infrastructure/Naraka.Server.Infrastructure.csproj" />
    <Project Path="src/Naraka.Server.LegacyNetworkV1/Naraka.Server.LegacyNetworkV1.csproj" />
  </Folder>
  <Folder Name="/tests/">
    <Project Path="tests/Naraka.Server.ArchitectureTests/Naraka.Server.ArchitectureTests.csproj" />
    <Project Path="tests/Naraka.Server.Infrastructure.Tests/Naraka.Server.Infrastructure.Tests.csproj" />
    <Project Path="tests/Naraka.Server.LegacyNetworkV1.Tests/Naraka.Server.LegacyNetworkV1.Tests.csproj" />
  </Folder>
</Solution>
